
Microsoft Visual Studio Solution File, Format Version 12.00
# Visual Studio 15
VisualStudioVersion = 15.0.27130.2036
MinimumVisualStudioVersion = 10.0.40219.1
Project("{FAE04EC0-301F-11D3-BF4B-00C04F79EFBC}") = "ToastTestXamarin.Android", "ToastTestXamarin\ToastTestXamarin.Android\ToastTestXamarin.Android.csproj", "{8174EF74-994A-4890-89DE-6F5044597EE2}"
EndProject
Project("{FAE04EC0-301F-11D3-BF4B-00C04F79EFBC}") = "ToastTestXamarin", "ToastTestXamarin\ToastTestXamarin\ToastTestXamarin.csproj", "{3BC6E827-E3CB-4827-A4D9-802C7E79A7A9}"
EndProject
Global
	GlobalSection(SolutionConfigurationPlatforms) = preSolution
		Debug|Any CPU = Debug|Any CPU
		Release|Any CPU = Release|Any CPU
	EndGlobalSection
	GlobalSection(ProjectConfigurationPlatforms) = postSolution
		{8174EF74-994A-4890-89DE-6F5044597EE2}.Debug|Any CPU.ActiveCfg = Debug|Any CPU
		{8174EF74-994A-4890-89DE-6F5044597EE2}.Debug|Any CPU.Build.0 = Debug|Any CPU
		{8174EF74-994A-4890-89DE-6F5044597EE2}.Debug|Any CPU.Deploy.0 = Debug|Any CPU
		{8174EF74-994A-4890-89DE-6F5044597EE2}.Release|Any CPU.ActiveCfg = Release|Any CPU
		{8174EF74-994A-4890-89DE-6F5044597EE2}.Release|Any CPU.Build.0 = Release|Any CPU
		{8174EF74-994A-4890-89DE-6F5044597EE2}.Release|Any CPU.Deploy.0 = Release|Any CPU
		{3BC6E827-E3CB-4827-A4D9-802C7E79A7A9}.Debug|Any CPU.ActiveCfg = Debug|Any CPU
		{3BC6E827-E3CB-4827-A4D9-802C7E79A7A9}.Debug|Any CPU.Build.0 = Debug|Any CPU
		{3BC6E827-E3CB-4827-A4D9-802C7E79A7A9}.Release|Any CPU.ActiveCfg = Release|Any CPU
		{3BC6E827-E3CB-4827-A4D9-802C7E79A7A9}.Release|Any CPU.Build.0 = Release|Any CPU
	EndGlobalSection
	GlobalSection(SolutionProperties) = preSolution
		HideSolutionNode = FALSE
	EndGlobalSection
	GlobalSection(ExtensibilityGlobals) = postSolution
		SolutionGuid = {4948157A-8012-4D49-AA82-847897A9CD2E}
	EndGlobalSection
EndGlobal
